
Microsoft Visual Studio Solution File, Format Version 12.00
# Visual Studio Version 17
VisualStudioVersion = 17.6.33829.357
MinimumVisualStudioVersion = 10.0.40219.1
Project("{FAE04EC0-301F-11D3-BF4B-00C04F79EFBC}") = "personal-telegram-bot", "personal-telegram-bot\personal-telegram-bot.csproj", "{88A1896D-868F-47A6-AE13-6D1C0AAAC58C}"
EndProject
Global
	GlobalSection(SolutionConfigurationPlatforms) = preSolution
		Debug|Any CPU = Debug|Any CPU
		Release|Any CPU = Release|Any CPU
	EndGlobalSection
	GlobalSection(ProjectConfigurationPlatforms) = postSolution
		{88A1896D-868F-47A6-AE13-6D1C0AAAC58C}.Debug|Any CPU.ActiveCfg = Debug|Any CPU
		{88A1896D-868F-47A6-AE13-6D1C0AAAC58C}.Debug|Any CPU.Build.0 = Debug|Any CPU
		{88A1896D-868F-47A6-AE13-6D1C0AAAC58C}.Release|Any CPU.ActiveCfg = Release|Any CPU
		{88A1896D-868F-47A6-AE13-6D1C0AAAC58C}.Release|Any CPU.Build.0 = Release|Any CPU
	EndGlobalSection
	GlobalSection(SolutionProperties) = preSolution
		HideSolutionNode = FALSE
	EndGlobalSection
	GlobalSection(ExtensibilityGlobals) = postSolution
		SolutionGuid = {A66641F3-8267-45A9-996F-C7A916EB5936}
	EndGlobalSection
EndGlobal
