
Microsoft Visual Studio Solution File, Format Version 12.00
# Visual Studio Version 17
VisualStudioVersion = 17.6.33829.357
MinimumVisualStudioVersion = 10.0.40219.1
Project("{FAE04EC0-301F-11D3-BF4B-00C04F79EFBC}") = "Comments", "Comments\Comments.csproj", "{303C14E0-5A99-4C66-A969-918B13C6E5CD}"
EndProject
Global
	GlobalSection(SolutionConfigurationPlatforms) = preSolution
		Debug|Any CPU = Debug|Any CPU
		Release|Any CPU = Release|Any CPU
	EndGlobalSection
	GlobalSection(ProjectConfigurationPlatforms) = postSolution
		{303C14E0-5A99-4C66-A969-918B13C6E5CD}.Debug|Any CPU.ActiveCfg = Debug|Any CPU
		{303C14E0-5A99-4C66-A969-918B13C6E5CD}.Debug|Any CPU.Build.0 = Debug|Any CPU
		{303C14E0-5A99-4C66-A969-918B13C6E5CD}.Release|Any CPU.ActiveCfg = Release|Any CPU
		{303C14E0-5A99-4C66-A969-918B13C6E5CD}.Release|Any CPU.Build.0 = Release|Any CPU
	EndGlobalSection
	GlobalSection(SolutionProperties) = preSolution
		HideSolutionNode = FALSE
	EndGlobalSection
	GlobalSection(ExtensibilityGlobals) = postSolution
		SolutionGuid = {AC70A777-5C68-4502-B4BA-1C878D5CE3B3}
	EndGlobalSection
EndGlobal
