
Microsoft Visual Studio Solution File, Format Version 12.00
# Visual Studio Version 17
VisualStudioVersion = 17.6.33829.357
MinimumVisualStudioVersion = 10.0.40219.1
Project("{FAE04EC0-301F-11D3-BF4B-00C04F79EFBC}") = "Geosiga.Bot.Tasker", "Geosiga.Bot.Tasker\Geosiga.Bot.Tasker.csproj", "{AC082D1D-DBEE-4815-8B26-5431CF59512D}"
EndProject
Project("{FAE04EC0-301F-11D3-BF4B-00C04F79EFBC}") = "Geosiga.Bot.Tasker.Library", "Geosiga.Bot.Tasker.Library\Geosiga.Bot.Tasker.Library.csproj", "{504D04AC-3544-47E6-83CD-824E4BED626E}"
EndProject
Global
	GlobalSection(SolutionConfigurationPlatforms) = preSolution
		Debug|Any CPU = Debug|Any CPU
		Release|Any CPU = Release|Any CPU
	EndGlobalSection
	GlobalSection(ProjectConfigurationPlatforms) = postSolution
		{AC082D1D-DBEE-4815-8B26-5431CF59512D}.Debug|Any CPU.ActiveCfg = Debug|Any CPU
		{AC082D1D-DBEE-4815-8B26-5431CF59512D}.Debug|Any CPU.Build.0 = Debug|Any CPU
		{AC082D1D-DBEE-4815-8B26-5431CF59512D}.Release|Any CPU.ActiveCfg = Release|Any CPU
		{AC082D1D-DBEE-4815-8B26-5431CF59512D}.Release|Any CPU.Build.0 = Release|Any CPU
		{504D04AC-3544-47E6-83CD-824E4BED626E}.Debug|Any CPU.ActiveCfg = Debug|Any CPU
		{504D04AC-3544-47E6-83CD-824E4BED626E}.Debug|Any CPU.Build.0 = Debug|Any CPU
		{504D04AC-3544-47E6-83CD-824E4BED626E}.Release|Any CPU.ActiveCfg = Release|Any CPU
		{504D04AC-3544-47E6-83CD-824E4BED626E}.Release|Any CPU.Build.0 = Release|Any CPU
	EndGlobalSection
	GlobalSection(SolutionProperties) = preSolution
		HideSolutionNode = FALSE
	EndGlobalSection
	GlobalSection(ExtensibilityGlobals) = postSolution
		SolutionGuid = {05974ED8-FA8E-45FF-95D6-68FA647461E0}
	EndGlobalSection
EndGlobal
